
Microsoft Visual Studio Solution File, Format Version 12.00
# Visual Studio 15
VisualStudioVersion = 15.0.27703.2018
MinimumVisualStudioVersion = 10.0.40219.1
Project("{888888A0-9F3D-457C-B088-3A5042F75D52}") = "TrackML", "TrackML\TrackML.pyproj", "{9A89F0BF-4A3A-4ECB-BFB6-E7BA8907B53C}"
EndProject
Global
	GlobalSection(SolutionConfigurationPlatforms) = preSolution
		Debug|Any CPU = Debug|Any CPU
		Release|Any CPU = Release|Any CPU
	EndGlobalSection
	GlobalSection(ProjectConfigurationPlatforms) = postSolution
		{9A89F0BF-4A3A-4ECB-BFB6-E7BA8907B53C}.Debug|Any CPU.ActiveCfg = Debug|Any CPU
		{9A89F0BF-4A3A-4ECB-BFB6-E7BA8907B53C}.Release|Any CPU.ActiveCfg = Release|Any CPU
	EndGlobalSection
	GlobalSection(SolutionProperties) = preSolution
		HideSolutionNode = FALSE
	EndGlobalSection
	GlobalSection(ExtensibilityGlobals) = postSolution
		SolutionGuid = {6806420C-BCCE-484A-AED0-779CBB4DF9D4}
	EndGlobalSection
EndGlobal
